<?xml version="1.0" encoding="utf-8"?>
<Project ToolsVersion="17.0" xmlns="http://schemas.microsoft.com/developer/msbuild/2003">
  <ItemGroup>
    <CustomBuild Include="C:\for progs\cpplessons\snake_game_cpp\build\CMakeFiles\697bc48bb73eb2cef7d135706f90bea8\generate.stamp.rule">
      <Filter>CMake Rules</Filter>
    </CustomBuild>
  </ItemGroup>
  <ItemGroup>
    <Filter Include="CMake Rules">
      <UniqueIdentifier>{37A8FAE9-6B68-3959-AEFF-430E302C6544}</UniqueIdentifier>
    </Filter>
  </ItemGroup>
</Project>
